
Microsoft Visual Studio Solution File, Format Version 12.00
# Visual Studio Version 16
VisualStudioVersion = 16.0.31729.503
MinimumVisualStudioVersion = 10.0.40219.1
Project("{9A19103F-16F7-4668-BE54-9A1E7A4F7556}") = "ModuleTester", "ModuleTester\ModuleTester.csproj", "{43FC5ECE-CDF0-431B-B1C4-85F74302D012}"
EndProject
Project("{9A19103F-16F7-4668-BE54-9A1E7A4F7556}") = "Common", "Common\Common.csproj", "{DEDF1857-0E1E-4267-A68D-DEEB8EFC8477}"
EndProject
Project("{FAE04EC0-301F-11D3-BF4B-00C04F79EFBC}") = "ClaimProcessor", "ClaimProcessor\ClaimProcessor.csproj", "{BD3F2A81-E156-479A-AC44-59630324CE16}"
EndProject
Global
	GlobalSection(SolutionConfigurationPlatforms) = preSolution
		Debug|Any CPU = Debug|Any CPU
		Release|Any CPU = Release|Any CPU
	EndGlobalSection
	GlobalSection(ProjectConfigurationPlatforms) = postSolution
		{43FC5ECE-CDF0-431B-B1C4-85F74302D012}.Debug|Any CPU.ActiveCfg = Debug|Any CPU
		{43FC5ECE-CDF0-431B-B1C4-85F74302D012}.Debug|Any CPU.Build.0 = Debug|Any CPU
		{43FC5ECE-CDF0-431B-B1C4-85F74302D012}.Release|Any CPU.ActiveCfg = Release|Any CPU
		{43FC5ECE-CDF0-431B-B1C4-85F74302D012}.Release|Any CPU.Build.0 = Release|Any CPU
		{DEDF1857-0E1E-4267-A68D-DEEB8EFC8477}.Debug|Any CPU.ActiveCfg = Debug|Any CPU
		{DEDF1857-0E1E-4267-A68D-DEEB8EFC8477}.Debug|Any CPU.Build.0 = Debug|Any CPU
		{DEDF1857-0E1E-4267-A68D-DEEB8EFC8477}.Release|Any CPU.ActiveCfg = Release|Any CPU
		{DEDF1857-0E1E-4267-A68D-DEEB8EFC8477}.Release|Any CPU.Build.0 = Release|Any CPU
		{BD3F2A81-E156-479A-AC44-59630324CE16}.Debug|Any CPU.ActiveCfg = Debug|Any CPU
		{BD3F2A81-E156-479A-AC44-59630324CE16}.Debug|Any CPU.Build.0 = Debug|Any CPU
		{BD3F2A81-E156-479A-AC44-59630324CE16}.Release|Any CPU.ActiveCfg = Release|Any CPU
		{BD3F2A81-E156-479A-AC44-59630324CE16}.Release|Any CPU.Build.0 = Release|Any CPU
	EndGlobalSection
	GlobalSection(SolutionProperties) = preSolution
		HideSolutionNode = FALSE
	EndGlobalSection
	GlobalSection(ExtensibilityGlobals) = postSolution
		SolutionGuid = {3A258A8B-0686-4202-9D2D-4C09ACB41648}
	EndGlobalSection
EndGlobal
